<Solution>
  <Folder Name="/src/" />
  <Folder Name="/src/Core/">
    <Project Path="src/Core/LaunchHeim.Core.csproj" />
  </Folder>
  <Folder Name="/src/Desktop/">
    <Project Path="src/Desktop/LaunchHeim.Desktop.csproj" />
  </Folder>
  <Folder Name="/tests/" />
  <Folder Name="/tests/Core.Tests/">
    <Project Path="tests/Core.Tests/LaunchHeim.Core.Tests.csproj" />
  </Folder>
</Solution>
